{
  "version": 4,
  "terraform_version": "1.5.1",
  "serial": 42,
  "lineage": "5a0173f6-1217-e18c-2996-af7deb4dd517",
  "outputs": {
    "location": {
      "value": "eastus",
      "type": "string"
    }
  },
  "resources": [
    {
      "mode": "data",
      "type": "azuread_group",
      "name": "avd_user_group",
      "provider": "provider[\"registry.terraform.io/hashicorp/azuread\"]",
      "instances": [
        {
          "schema_version": 0,
          "attributes": {
            "assignable_to_role": false,
            "auto_subscribe_new_members": false,
            "behaviors": [],
            "description": "",
            "display_name": "avd-pooled-users",
            "dynamic_membership": [],
            "external_senders_allowed": false,
            "hide_from_address_lists": false,
            "hide_from_outlook_clients": false,
            "id": "a68afcaa-c25d-4094-a187-8ee653c07ff8",
            "mail": "",
            "mail_enabled": false,
            "mail_nickname": "avd-pooled-users",
            "members": [
              "0c7080f8-b409-409c-a63f-a157ae4af4d2",
              "5852b237-09e1-4540-8c93-4af490e50a2a",
              "2fd9be97-c2a5-41b2-a326-9d12b8f012ad",
              "747c828c-c737-4398-8cba-4af260868d67",
              "0bfaf7b1-fe28-4b4b-9d60-bcabbb3f081b",
              "5dfb5a4e-264d-496c-97f8-265a19a6502f"
            ],
            "object_id": "a68afcaa-c25d-4094-a187-8ee653c07ff8",
            "onpremises_domain_name": "kptemp02.com",
            "onpremises_group_type": "",
            "onpremises_netbios_name": "KPTEMP02",
            "onpremises_sam_account_name": "avd-pooled-users",
            "onpremises_security_identifier": "S-1-5-21-3595288393-4012240394-2899334560-5117",
            "onpremises_sync_enabled": true,
            "owners": [],
            "preferred_language": "",
            "provisioning_options": [],
            "proxy_addresses": [],
            "security_enabled": true,
            "theme": "",
            "timeouts": null,
            "types": [],
            "visibility": "",
            "writeback_enabled": false
          },
          "sensitive_attributes": []
        }
      ]
    },
    {
      "mode": "data",
      "type": "azuread_user",
      "name": "personalaccount",
      "provider": "provider[\"registry.terraform.io/hashicorp/azuread\"]",
      "instances": [
        {
          "schema_version": 0,
          "attributes": {
            "account_enabled": true,
            "age_group": "",
            "business_phones": [],
            "city": "",
            "company_name": "",
            "consent_provided_for_minor": "",
            "cost_center": null,
            "country": "",
            "creation_type": "",
            "department": "",
            "display_name": "user 4",
            "division": null,
            "employee_id": "",
            "employee_type": "",
            "external_user_state": "",
            "fax_number": "",
            "given_name": "user",
            "id": "5852b237-09e1-4540-8c93-4af490e50a2a",
            "im_addresses": [],
            "job_title": "",
            "mail": "",
            "mail_nickname": "user4",
            "manager_id": "",
            "mobile_phone": "",
            "object_id": "5852b237-09e1-4540-8c93-4af490e50a2a",
            "office_location": "",
            "onpremises_distinguished_name": "CN=user 4,OU=AVD,DC=kptemp02,DC=com",
            "onpremises_domain_name": "kptemp02.com",
            "onpremises_immutable_id": "5mpW+WLWP0G5ODXS9WYqsw==",
            "onpremises_sam_account_name": "user4",
            "onpremises_security_identifier": "S-1-5-21-3595288393-4012240394-2899334560-5107",
            "onpremises_sync_enabled": true,
            "onpremises_user_principal_name": "user4@abtemp.com",
            "other_mails": [],
            "postal_code": "",
            "preferred_language": "",
            "proxy_addresses": [],
            "show_in_address_list": false,
            "state": "",
            "street_address": "",
            "surname": "4",
            "timeouts": null,
            "usage_location": "US",
            "user_principal_name": "user4@abtemp.com",
            "user_type": "Member"
          },
          "sensitive_attributes": []
        }
      ]
    },
    {
      "mode": "data",
      "type": "azurerm_role_definition",
      "name": "role",
      "provider": "provider[\"registry.terraform.io/hashicorp/azurerm\"]",
      "instances": [
        {
          "schema_version": 0,
          "attributes": {
            "assignable_scopes": [
              "/"
            ],
            "description": "Allows user to use the applications in an application group.",
            "id": "/providers/Microsoft.Authorization/roleDefinitions/1d18fff3-a72a-46b5-b4a9-0b38a3cd7e63",
            "name": "Desktop Virtualization User",
            "permissions": [
              {
                "actions": [],
                "data_actions": [
                  "Microsoft.DesktopVirtualization/appAttachPackages/useApplications/action",
                  "Microsoft.DesktopVirtualization/applicationGroups/useApplications/action"
                ],
                "not_actions": [],
                "not_data_actions": []
              }
            ],
            "role_definition_id": "/providers/Microsoft.Authorization/roleDefinitions/1d18fff3-a72a-46b5-b4a9-0b38a3cd7e63",
            "scope": null,
            "timeouts": null,
            "type": "BuiltInRole"
          },
          "sensitive_attributes": []
        }
      ]
    },
    {
      "mode": "data",
      "type": "azurerm_role_definition",
      "name": "storage_role",
      "provider": "provider[\"registry.terraform.io/hashicorp/azurerm\"]",
      "instances": [
        {
          "schema_version": 0,
          "attributes": {
            "assignable_scopes": [
              "/"
            ],
            "description": "Allows for read, write, and delete access in Azure Storage file shares over SMB",
            "id": "/providers/Microsoft.Authorization/roleDefinitions/0c867c2a-1d8c-454a-a3db-ab2ea1bdc8bb",
            "name": "Storage File Data SMB Share Contributor",
            "permissions": [
              {
                "actions": [],
                "data_actions": [
                  "Microsoft.Storage/storageAccounts/fileServices/fileshares/files/delete",
                  "Microsoft.Storage/storageAccounts/fileServices/fileshares/files/read",
                  "Microsoft.Storage/storageAccounts/fileServices/fileshares/files/write"
                ],
                "not_actions": [],
                "not_data_actions": []
              }
            ],
            "role_definition_id": "/providers/Microsoft.Authorization/roleDefinitions/0c867c2a-1d8c-454a-a3db-ab2ea1bdc8bb",
            "scope": null,
            "timeouts": null,
            "type": "BuiltInRole"
          },
          "sensitive_attributes": []
        }
      ]
    },
    {
      "mode": "data",
      "type": "azurerm_virtual_network",
      "name": "ad_vnet_data",
      "provider": "provider[\"registry.terraform.io/hashicorp/azurerm\"]",
      "instances": [
        {
          "schema_version": 0,
          "attributes": {
            "address_space": [
              "10.0.0.0/24"
            ],
            "dns_servers": [
              "10.0.0.4",
              "10.0.0.6"
            ],
            "guid": "5ac4fd11-ebcb-442a-a0cf-41e0b79ed0c8",
            "id": "/subscriptions/4ad9c3ec-422e-4942-8ff5-aa01e893c1f7/resourceGroups/sharedrg/providers/Microsoft.Network/virtualNetworks/SharedVNet",
            "location": "eastus",
            "name": "SharedVNet",
            "resource_group_name": "sharedrg",
            "subnets": [
              "SharedSN",
              "AzureBastionSubnet",
              "Perimeter",
              "KPAVD01"
            ],
            "tags": {},
            "timeouts": null,
            "vnet_peerings": {
              "Shared-EATON-AVD-01": "/subscriptions/4ad9c3ec-422e-4942-8ff5-aa01e893c1f7/resourceGroups/AVD_Image_Storage/providers/Microsoft.Network/virtualNetworks/EATON-AVD-EUS-02",
              "peer_ad_avdspoke": "/subscriptions/4ad9c3ec-422e-4942-8ff5-aa01e893c1f7/resourceGroups/rg_avd_sunflow/providers/Microsoft.Network/virtualNetworks/sunflow-VNet",
              "sharedvnet-avdvnet": "/subscriptions/4ad9c3ec-422e-4942-8ff5-aa01e893c1f7/resourceGroups/RG-AVD/providers/Microsoft.Network/virtualNetworks/vnet-avd-01"
            }
          },
          "sensitive_attributes": []
        }
      ]
    },
    {
      "mode": "managed",
      "type": "azurerm_network_security_group",
      "name": "nsg",
      "provider": "provider[\"registry.terraform.io/hashicorp/azurerm\"]",
      "instances": [
        {
          "schema_version": 0,
          "attributes": {
            "id": "/subscriptions/4ad9c3ec-422e-4942-8ff5-aa01e893c1f7/resourceGroups/rg_avd_sunflow/providers/Microsoft.Network/networkSecurityGroups/sunflow-NSG",
            "location": "eastus",
            "name": "sunflow-NSG",
            "resource_group_name": "rg_avd_sunflow",
            "security_rule": [
              {
                "access": "Allow",
                "description": "",
                "destination_address_prefix": "*",
                "destination_address_prefixes": [],
                "destination_application_security_group_ids": [],
                "destination_port_range": "443",
                "destination_port_ranges": [],
                "direction": "Inbound",
                "name": "HTTPS",
                "priority": 1001,
                "protocol": "Tcp",
                "source_address_prefix": "*",
                "source_address_prefixes": [],
                "source_application_security_group_ids": [],
                "source_port_range": "*",
                "source_port_ranges": []
              }
            ],
            "tags": {},
            "timeouts": null
          },
          "sensitive_attributes": [],
          "private": "eyJlMmJmYjczMC1lY2FhLTExZTYtOGY4OC0zNDM2M2JjN2M0YzAiOnsiY3JlYXRlIjoxODAwMDAwMDAwMDAwLCJkZWxldGUiOjE4MDAwMDAwMDAwMDAsInJlYWQiOjMwMDAwMDAwMDAwMCwidXBkYXRlIjoxODAwMDAwMDAwMDAwfX0=",
          "dependencies": [
            "azurerm_resource_group.rg_vdi"
          ]
        }
      ]
    },
    {
      "mode": "managed",
      "type": "azurerm_resource_group",
      "name": "rg_vdi",
      "provider": "provider[\"registry.terraform.io/hashicorp/azurerm\"]",
      "instances": [
        {
          "schema_version": 0,
          "attributes": {
            "id": "/subscriptions/4ad9c3ec-422e-4942-8ff5-aa01e893c1f7/resourceGroups/rg_avd_sunflow",
            "location": "eastus",
            "name": "rg_avd_sunflow",
            "tags": {},
            "timeouts": null
          },
          "sensitive_attributes": [],
          "private": "eyJlMmJmYjczMC1lY2FhLTExZTYtOGY4OC0zNDM2M2JjN2M0YzAiOnsiY3JlYXRlIjo1NDAwMDAwMDAwMDAwLCJkZWxldGUiOjU0MDAwMDAwMDAwMDAsInJlYWQiOjMwMDAwMDAwMDAwMCwidXBkYXRlIjo1NDAwMDAwMDAwMDAwfX0="
        }
      ]
    },
    {
      "mode": "managed",
      "type": "azurerm_role_assignment",
      "name": "af_role",
      "provider": "provider[\"registry.terraform.io/hashicorp/azurerm\"]",
      "instances": [
        {
          "schema_version": 0,
          "attributes": {
            "condition": "",
            "condition_version": "",
            "delegated_managed_identity_resource_id": "",
            "description": "",
            "id": "/subscriptions/4ad9c3ec-422e-4942-8ff5-aa01e893c1f7/resourceGroups/rg_avd_sunflow/providers/Microsoft.Storage/storageAccounts/storig9z0fo7vo/providers/Microsoft.Authorization/roleAssignments/bad742d7-8d08-f254-1ce9-586d534b7ddb",
            "name": "bad742d7-8d08-f254-1ce9-586d534b7ddb",
            "principal_id": "5852b237-09e1-4540-8c93-4af490e50a2a",
            "principal_type": "User",
            "role_definition_id": "/subscriptions/4ad9c3ec-422e-4942-8ff5-aa01e893c1f7/providers/Microsoft.Authorization/roleDefinitions/0c867c2a-1d8c-454a-a3db-ab2ea1bdc8bb",
            "role_definition_name": "Storage File Data SMB Share Contributor",
            "scope": "/subscriptions/4ad9c3ec-422e-4942-8ff5-aa01e893c1f7/resourceGroups/rg_avd_sunflow/providers/Microsoft.Storage/storageAccounts/storig9z0fo7vo",
            "skip_service_principal_aad_check": null,
            "timeouts": null
          },
          "sensitive_attributes": [],
          "private": "eyJlMmJmYjczMC1lY2FhLTExZTYtOGY4OC0zNDM2M2JjN2M0YzAiOnsiY3JlYXRlIjoxODAwMDAwMDAwMDAwLCJkZWxldGUiOjE4MDAwMDAwMDAwMDAsInJlYWQiOjMwMDAwMDAwMDAwMCwidXBkYXRlIjoxODAwMDAwMDAwMDAwfX0=",
          "dependencies": [
            "azurerm_storage_account.storage",
            "data.azuread_user.personalaccount",
            "data.azurerm_role_definition.storage_role"
          ]
        }
      ]
    },
    {
      "mode": "managed",
      "type": "azurerm_role_assignment",
      "name": "role",
      "provider": "provider[\"registry.terraform.io/hashicorp/azurerm\"]",
      "instances": [
        {
          "schema_version": 0,
          "attributes": {
            "condition": "",
            "condition_version": "",
            "delegated_managed_identity_resource_id": "",
            "description": "",
            "id": "/subscriptions/4ad9c3ec-422e-4942-8ff5-aa01e893c1f7/resourceGroups/rg_avd_sunflow/providers/Microsoft.DesktopVirtualization/applicationGroups/sunflow-dag/providers/Microsoft.Authorization/roleAssignments/e8bf6106-7e1f-81ab-6822-06652cf60be6",
            "name": "e8bf6106-7e1f-81ab-6822-06652cf60be6",
            "principal_id": "a68afcaa-c25d-4094-a187-8ee653c07ff8",
            "principal_type": "Group",
            "role_definition_id": "/subscriptions/4ad9c3ec-422e-4942-8ff5-aa01e893c1f7/providers/Microsoft.Authorization/roleDefinitions/1d18fff3-a72a-46b5-b4a9-0b38a3cd7e63",
            "role_definition_name": "Desktop Virtualization User",
            "scope": "/subscriptions/4ad9c3ec-422e-4942-8ff5-aa01e893c1f7/resourceGroups/rg_avd_sunflow/providers/Microsoft.DesktopVirtualization/applicationGroups/sunflow-dag",
            "skip_service_principal_aad_check": null,
            "timeouts": null
          },
          "sensitive_attributes": [],
          "private": "eyJlMmJmYjczMC1lY2FhLTExZTYtOGY4OC0zNDM2M2JjN2M0YzAiOnsiY3JlYXRlIjoxODAwMDAwMDAwMDAwLCJkZWxldGUiOjE4MDAwMDAwMDAwMDAsInJlYWQiOjMwMDAwMDAwMDAwMCwidXBkYXRlIjoxODAwMDAwMDAwMDAwfX0=",
          "dependencies": [
            "azurerm_virtual_desktop_application_group.dag",
            "data.azuread_group.avd_user_group",
            "data.azurerm_role_definition.role"
          ]
        }
      ]
    },
    {
      "mode": "managed",
      "type": "azurerm_storage_account",
      "name": "storage",
      "provider": "provider[\"registry.terraform.io/hashicorp/azurerm\"]",
      "instances": [
        {
          "schema_version": 2,
          "attributes": {
            "access_tier": "Hot",
            "account_kind": "FileStorage",
            "account_replication_type": "LRS",
            "account_tier": "Premium",
            "allow_blob_public_access": false,
            "azure_files_authentication": [],
            "blob_properties": [],
            "custom_domain": [],
            "customer_managed_key": [],
            "enable_https_traffic_only": true,
            "id": "/subscriptions/4ad9c3ec-422e-4942-8ff5-aa01e893c1f7/resourceGroups/rg_avd_sunflow/providers/Microsoft.Storage/storageAccounts/storig9z0fo7vo",
            "identity": [],
            "infrastructure_encryption_enabled": false,
            "is_hns_enabled": false,
            "large_file_share_enabled": true,
            "location": "eastus",
            "min_tls_version": "TLS1_0",
            "name": "storig9z0fo7vo",
            "network_rules": [
              {
                "bypass": [
                  "AzureServices"
                ],
                "default_action": "Allow",
                "ip_rules": [],
                "private_link_access": [],
                "virtual_network_subnet_ids": []
              }
            ],
            "nfsv3_enabled": false,
            "primary_access_key": "dqI0AwEEA/pcuskWYJMpVNx2GvltWfjJJ+bGaL7jq8jo7i8ZcYIJUNURaoF7MftO1RG0btaeeBAB+AStQK8hlw==",
            "primary_blob_connection_string": "DefaultEndpointsProtocol=https;BlobEndpoint=;AccountName=storig9z0fo7vo;AccountKey=dqI0AwEEA/pcuskWYJMpVNx2GvltWfjJJ+bGaL7jq8jo7i8ZcYIJUNURaoF7MftO1RG0btaeeBAB+AStQK8hlw==",
            "primary_blob_endpoint": "",
            "primary_blob_host": "",
            "primary_connection_string": "DefaultEndpointsProtocol=https;AccountName=storig9z0fo7vo;AccountKey=dqI0AwEEA/pcuskWYJMpVNx2GvltWfjJJ+bGaL7jq8jo7i8ZcYIJUNURaoF7MftO1RG0btaeeBAB+AStQK8hlw==;EndpointSuffix=core.windows.net",
            "primary_dfs_endpoint": "",
            "primary_dfs_host": "",
            "primary_file_endpoint": "https://storig9z0fo7vo.file.core.windows.net/",
            "primary_file_host": "storig9z0fo7vo.file.core.windows.net",
            "primary_location": "eastus",
            "primary_queue_endpoint": "",
            "primary_queue_host": "",
            "primary_table_endpoint": "",
            "primary_table_host": "",
            "primary_web_endpoint": "",
            "primary_web_host": "",
            "queue_encryption_key_type": "Service",
            "queue_properties": [],
            "resource_group_name": "rg_avd_sunflow",
            "routing": [],
            "secondary_access_key": "bDhD4bP8HnUzLxvgWjL21kjEtx42N2HLl0dtjkr1mEsCalfBbWe9t02crWU9QjUE7zYd3PpQc6dY+AStbzD/eA==",
            "secondary_blob_connection_string": "",
            "secondary_blob_endpoint": null,
            "secondary_blob_host": null,
            "secondary_connection_string": "DefaultEndpointsProtocol=https;AccountName=storig9z0fo7vo;AccountKey=bDhD4bP8HnUzLxvgWjL21kjEtx42N2HLl0dtjkr1mEsCalfBbWe9t02crWU9QjUE7zYd3PpQc6dY+AStbzD/eA==;EndpointSuffix=core.windows.net",
            "secondary_dfs_endpoint": null,
            "secondary_dfs_host": null,
            "secondary_file_endpoint": null,
            "secondary_file_host": null,
            "secondary_location": "",
            "secondary_queue_endpoint": null,
            "secondary_queue_host": null,
            "secondary_table_endpoint": null,
            "secondary_table_host": null,
            "secondary_web_endpoint": null,
            "secondary_web_host": null,
            "share_properties": [
              {
                "cors_rule": [],
                "retention_policy": [
                  {
                    "days": 7
                  }
                ],
                "smb": []
              }
            ],
            "shared_access_key_enabled": true,
            "static_website": [],
            "table_encryption_key_type": "Service",
            "tags": {},
            "timeouts": null
          },
          "sensitive_attributes": [],
          "private": "eyJlMmJmYjczMC1lY2FhLTExZTYtOGY4OC0zNDM2M2JjN2M0YzAiOnsiY3JlYXRlIjozNjAwMDAwMDAwMDAwLCJkZWxldGUiOjM2MDAwMDAwMDAwMDAsInJlYWQiOjMwMDAwMDAwMDAwMCwidXBkYXRlIjozNjAwMDAwMDAwMDAwfSwic2NoZW1hX3ZlcnNpb24iOiIyIn0=",
          "dependencies": [
            "azurerm_resource_group.rg_vdi",
            "random_string.random"
          ]
        }
      ]
    },
    {
      "mode": "managed",
      "type": "azurerm_storage_share",
      "name": "FSShare",
      "provider": "provider[\"registry.terraform.io/hashicorp/azurerm\"]",
      "instances": [
        {
          "schema_version": 2,
          "attributes": {
            "acl": [],
            "enabled_protocol": "SMB",
            "id": "https://storig9z0fo7vo.file.core.windows.net/fslogix",
            "metadata": {},
            "name": "fslogix",
            "quota": 50,
            "resource_manager_id": "/subscriptions/4ad9c3ec-422e-4942-8ff5-aa01e893c1f7/resourceGroups/rg_avd_sunflow/providers/Microsoft.Storage/storageAccounts/storig9z0fo7vo/fileServices/default/fileshares/fslogix",
            "storage_account_name": "storig9z0fo7vo",
            "timeouts": null,
            "url": "https://storig9z0fo7vo.file.core.windows.net/fslogix"
          },
          "sensitive_attributes": [],
          "private": "eyJlMmJmYjczMC1lY2FhLTExZTYtOGY4OC0zNDM2M2JjN2M0YzAiOnsiY3JlYXRlIjoxODAwMDAwMDAwMDAwLCJkZWxldGUiOjE4MDAwMDAwMDAwMDAsInJlYWQiOjMwMDAwMDAwMDAwMCwidXBkYXRlIjoxODAwMDAwMDAwMDAwfSwic2NoZW1hX3ZlcnNpb24iOiIyIn0=",
          "dependencies": [
            "azurerm_storage_account.storage"
          ]
        }
      ]
    },
    {
      "mode": "managed",
      "type": "azurerm_subnet",
      "name": "subnet",
      "provider": "provider[\"registry.terraform.io/hashicorp/azurerm\"]",
      "instances": [
        {
          "schema_version": 0,
          "attributes": {
            "address_prefix": "10.2.0.0/24",
            "address_prefixes": [
              "10.2.0.0/24"
            ],
            "delegation": [],
            "enforce_private_link_endpoint_network_policies": false,
            "enforce_private_link_service_network_policies": false,
            "id": "/subscriptions/4ad9c3ec-422e-4942-8ff5-aa01e893c1f7/resourceGroups/rg_avd_sunflow/providers/Microsoft.Network/virtualNetworks/sunflow-VNet/subnets/default",
            "name": "default",
            "resource_group_name": "rg_avd_sunflow",
            "service_endpoint_policy_ids": [],
            "service_endpoints": [],
            "timeouts": null,
            "virtual_network_name": "sunflow-VNet"
          },
          "sensitive_attributes": [],
          "private": "eyJlMmJmYjczMC1lY2FhLTExZTYtOGY4OC0zNDM2M2JjN2M0YzAiOnsiY3JlYXRlIjoxODAwMDAwMDAwMDAwLCJkZWxldGUiOjE4MDAwMDAwMDAwMDAsInJlYWQiOjMwMDAwMDAwMDAwMCwidXBkYXRlIjoxODAwMDAwMDAwMDAwfX0=",
          "dependencies": [
            "azurerm_resource_group.rg_vdi",
            "azurerm_virtual_network.vnet"
          ]
        }
      ]
    },
    {
      "mode": "managed",
      "type": "azurerm_subnet_network_security_group_association",
      "name": "nsg_assoc",
      "provider": "provider[\"registry.terraform.io/hashicorp/azurerm\"]",
      "instances": [
        {
          "schema_version": 0,
          "attributes": {
            "id": "/subscriptions/4ad9c3ec-422e-4942-8ff5-aa01e893c1f7/resourceGroups/rg_avd_sunflow/providers/Microsoft.Network/virtualNetworks/sunflow-VNet/subnets/default",
            "network_security_group_id": "/subscriptions/4ad9c3ec-422e-4942-8ff5-aa01e893c1f7/resourceGroups/rg_avd_sunflow/providers/Microsoft.Network/networkSecurityGroups/sunflow-NSG",
            "subnet_id": "/subscriptions/4ad9c3ec-422e-4942-8ff5-aa01e893c1f7/resourceGroups/rg_avd_sunflow/providers/Microsoft.Network/virtualNetworks/sunflow-VNet/subnets/default",
            "timeouts": null
          },
          "sensitive_attributes": [],
          "private": "eyJlMmJmYjczMC1lY2FhLTExZTYtOGY4OC0zNDM2M2JjN2M0YzAiOnsiY3JlYXRlIjoxODAwMDAwMDAwMDAwLCJkZWxldGUiOjE4MDAwMDAwMDAwMDAsInJlYWQiOjMwMDAwMDAwMDAwMCwidXBkYXRlIjoxODAwMDAwMDAwMDAwfX0=",
          "dependencies": [
            "azurerm_network_security_group.nsg",
            "azurerm_resource_group.rg_vdi",
            "azurerm_subnet.subnet",
            "azurerm_virtual_network.vnet"
          ]
        }
      ]
    },
    {
      "mode": "managed",
      "type": "azurerm_virtual_desktop_application_group",
      "name": "dag",
      "provider": "provider[\"registry.terraform.io/hashicorp/azurerm\"]",
      "instances": [
        {
          "schema_version": 1,
          "attributes": {
            "default_desktop_display_name": "",
            "description": "AVD application group",
            "friendly_name": "Desktop AppGroup",
            "host_pool_id": "/subscriptions/4ad9c3ec-422e-4942-8ff5-aa01e893c1f7/resourceGroups/rg_avd_sunflow/providers/Microsoft.DesktopVirtualization/hostPools/sunflow_hp",
            "id": "/subscriptions/4ad9c3ec-422e-4942-8ff5-aa01e893c1f7/resourceGroups/rg_avd_sunflow/providers/Microsoft.DesktopVirtualization/applicationGroups/sunflow-dag",
            "location": "eastus",
            "name": "sunflow-dag",
            "resource_group_name": "rg_avd_sunflow",
            "tags": {},
            "timeouts": null,
            "type": "Desktop"
          },
          "sensitive_attributes": [],
          "private": "eyJlMmJmYjczMC1lY2FhLTExZTYtOGY4OC0zNDM2M2JjN2M0YzAiOnsiY3JlYXRlIjozNjAwMDAwMDAwMDAwLCJkZWxldGUiOjM2MDAwMDAwMDAwMDAsInJlYWQiOjMwMDAwMDAwMDAwMCwidXBkYXRlIjozNjAwMDAwMDAwMDAwfSwic2NoZW1hX3ZlcnNpb24iOiIxIn0=",
          "dependencies": [
            "azurerm_resource_group.rg_vdi",
            "azurerm_virtual_desktop_host_pool.hpool",
            "azurerm_virtual_desktop_workspace.wspace_avd_sunflow"
          ]
        }
      ]
    },
    {
      "mode": "managed",
      "type": "azurerm_virtual_desktop_host_pool",
      "name": "hpool",
      "provider": "provider[\"registry.terraform.io/hashicorp/azurerm\"]",
      "instances": [
        {
          "schema_version": 1,
          "attributes": {
            "custom_rdp_properties": "audiocapturemode:i:1;audiomode:i:0;",
            "description": "sunflow Terraform HostPool",
            "friendly_name": "sunflow_hp",
            "id": "/subscriptions/4ad9c3ec-422e-4942-8ff5-aa01e893c1f7/resourceGroups/rg_avd_sunflow/providers/Microsoft.DesktopVirtualization/hostPools/sunflow_hp",
            "load_balancer_type": "DepthFirst",
            "location": "eastus",
            "maximum_sessions_allowed": 16,
            "name": "sunflow_hp",
            "personal_desktop_assignment_type": "",
            "preferred_app_group_type": "Desktop",
            "registration_info": [],
            "resource_group_name": "rg_avd_sunflow",
            "start_vm_on_connect": false,
            "tags": {},
            "timeouts": null,
            "type": "Pooled",
            "validate_environment": true
          },
          "sensitive_attributes": [],
          "private": "eyJlMmJmYjczMC1lY2FhLTExZTYtOGY4OC0zNDM2M2JjN2M0YzAiOnsiY3JlYXRlIjozNjAwMDAwMDAwMDAwLCJkZWxldGUiOjM2MDAwMDAwMDAwMDAsInJlYWQiOjMwMDAwMDAwMDAwMCwidXBkYXRlIjozNjAwMDAwMDAwMDAwfSwic2NoZW1hX3ZlcnNpb24iOiIxIn0=",
          "dependencies": [
            "azurerm_resource_group.rg_vdi"
          ]
        }
      ]
    },
    {
      "mode": "managed",
      "type": "azurerm_virtual_desktop_host_pool_registration_info",
      "name": "registrationinfo",
      "provider": "provider[\"registry.terraform.io/hashicorp/azurerm\"]",
      "instances": [
        {
          "schema_version": 0,
          "attributes": {
            "expiration_date": "2023-07-20T12:43:13Z",
            "hostpool_id": "/subscriptions/4ad9c3ec-422e-4942-8ff5-aa01e893c1f7/resourceGroups/rg_avd_sunflow/providers/Microsoft.DesktopVirtualization/hostPools/sunflow_hp",
            "id": "/subscriptions/4ad9c3ec-422e-4942-8ff5-aa01e893c1f7/resourceGroups/rg_avd_sunflow/providers/Microsoft.DesktopVirtualization/hostPools/sunflow_hp/registrationInfo/default",
            "timeouts": null,
            "token": "eyJhbGciOiJSUzI1NiIsImtpZCI6IjQ4Q0Y2MjhENTM5OUYzNTMwQkM5MzI0RjgyMzVFNEY1RkEyOTQxNkIiLCJ0eXAiOiJKV1QifQ.eyJSZWdpc3RyYXRpb25JZCI6IjZmZWI1MDI1LWYzZWUtNGI1NC04MDUwLTE0YmEyMzZjYWQ1NiIsIkJyb2tlclVyaSI6Imh0dHBzOi8vcmRicm9rZXItZy11cy1yMC53dmQubWljcm9zb2Z0LmNvbS8iLCJEaWFnbm9zdGljc1VyaSI6Imh0dHBzOi8vcmRkaWFnbm9zdGljcy1nLXVzLXIwLnd2ZC5taWNyb3NvZnQuY29tLyIsIkVuZHBvaW50UG9vbElkIjoiYTI2NTg1MzAtOGE5Yy00M2I4LWJhYmItMDllZGU2OGFmZjMxIiwiR2xvYmFsQnJva2VyVXJpIjoiaHR0cHM6Ly9yZGJyb2tlci53dmQubWljcm9zb2Z0LmNvbS8iLCJHZW9ncmFwaHkiOiJVUyIsIkdsb2JhbEJyb2tlclJlc291cmNlSWRVcmkiOiJodHRwczovL2EyNjU4NTMwLThhOWMtNDNiOC1iYWJiLTA5ZWRlNjhhZmYzMS5yZGJyb2tlci53dmQubWljcm9zb2Z0LmNvbS8iLCJCcm9rZXJSZXNvdXJjZUlkVXJpIjoiaHR0cHM6Ly9hMjY1ODUzMC04YTljLTQzYjgtYmFiYi0wOWVkZTY4YWZmMzEucmRicm9rZXItZy11cy1yMC53dmQubWljcm9zb2Z0LmNvbS8iLCJEaWFnbm9zdGljc1Jlc291cmNlSWRVcmkiOiJodHRwczovL2EyNjU4NTMwLThhOWMtNDNiOC1iYWJiLTA5ZWRlNjhhZmYzMS5yZGRpYWdub3N0aWNzLWctdXMtcjAud3ZkLm1pY3Jvc29mdC5jb20vIiwiQUFEVGVuYW50SWQiOiJkOTkxNGZiOS1lYTkzLTRkMWUtYWY4Ny04YmJjZDA0ZmNjNjIiLCJuYmYiOjE2ODg3OTkzNTcsImV4cCI6MTY4OTg1Njk5MywiaXNzIjoiUkRJbmZyYVRva2VuTWFuYWdlciIsImF1ZCI6IlJEbWkifQ.Syjj8yTOcFMh911vDv2C0aJMiz-J7eDfGo-wcyv9_hUVPf8C82ER6zVDrhbOGu6cJJpYrzcshpvwJfHu_LT6PJT2gQh83gWUBkz0qc6QfRJ9SgZ0Mwpxc9umLqxBAWRPKVssnFkVza88945FqW-dTbNLvTyx-OXiFC7JKE-nobA3gZ2ETV_eidd5_4Sll9Ry9HiN9niXwjZz9p4w62ToOY7Hb8qosurNwrYS3e0FVSrqwImsofcW5d4qleqncIHjj7c4qULP7dAP8Ev8xlyVmlbld4CV2mkoSPBICwnxYQg9vdY8hAWhbHCqXww3ep43gWb2i3rgLD46n7nc7AUSiA"
          },
          "sensitive_attributes": [],
          "private": "eyJlMmJmYjczMC1lY2FhLTExZTYtOGY4OC0zNDM2M2JjN2M0YzAiOnsiY3JlYXRlIjoxODAwMDAwMDAwMDAwLCJkZWxldGUiOjE4MDAwMDAwMDAwMDAsInJlYWQiOjMwMDAwMDAwMDAwMCwidXBkYXRlIjoxODAwMDAwMDAwMDAwfX0=",
          "dependencies": [
            "azurerm_resource_group.rg_vdi",
            "azurerm_virtual_desktop_host_pool.hpool"
          ]
        }
      ]
    },
    {
      "mode": "managed",
      "type": "azurerm_virtual_desktop_workspace",
      "name": "wspace_avd_sunflow",
      "provider": "provider[\"registry.terraform.io/hashicorp/azurerm\"]",
      "instances": [
        {
          "schema_version": 1,
          "attributes": {
            "description": "sunflow-Workspace",
            "friendly_name": "sunflow-Workspace",
            "id": "/subscriptions/4ad9c3ec-422e-4942-8ff5-aa01e893c1f7/resourceGroups/rg_avd_sunflow/providers/Microsoft.DesktopVirtualization/workspaces/wspace_avd_sunflow",
            "location": "eastus",
            "name": "wspace_avd_sunflow",
            "resource_group_name": "rg_avd_sunflow",
            "tags": {},
            "timeouts": null
          },
          "sensitive_attributes": [],
          "private": "eyJlMmJmYjczMC1lY2FhLTExZTYtOGY4OC0zNDM2M2JjN2M0YzAiOnsiY3JlYXRlIjozNjAwMDAwMDAwMDAwLCJkZWxldGUiOjM2MDAwMDAwMDAwMDAsInJlYWQiOjMwMDAwMDAwMDAwMCwidXBkYXRlIjozNjAwMDAwMDAwMDAwfSwic2NoZW1hX3ZlcnNpb24iOiIxIn0=",
          "dependencies": [
            "azurerm_resource_group.rg_vdi"
          ]
        }
      ]
    },
    {
      "mode": "managed",
      "type": "azurerm_virtual_desktop_workspace_application_group_association",
      "name": "ws-dag",
      "provider": "provider[\"registry.terraform.io/hashicorp/azurerm\"]",
      "instances": [
        {
          "schema_version": 1,
          "attributes": {
            "application_group_id": "/subscriptions/4ad9c3ec-422e-4942-8ff5-aa01e893c1f7/resourceGroups/rg_avd_sunflow/providers/Microsoft.DesktopVirtualization/applicationGroups/sunflow-dag",
            "id": "/subscriptions/4ad9c3ec-422e-4942-8ff5-aa01e893c1f7/resourceGroups/rg_avd_sunflow/providers/Microsoft.DesktopVirtualization/workspaces/wspace_avd_sunflow|/subscriptions/4ad9c3ec-422e-4942-8ff5-aa01e893c1f7/resourceGroups/rg_avd_sunflow/providers/Microsoft.DesktopVirtualization/applicationGroups/sunflow-dag",
            "timeouts": null,
            "workspace_id": "/subscriptions/4ad9c3ec-422e-4942-8ff5-aa01e893c1f7/resourceGroups/rg_avd_sunflow/providers/Microsoft.DesktopVirtualization/workspaces/wspace_avd_sunflow"
          },
          "sensitive_attributes": [],
          "private": "eyJlMmJmYjczMC1lY2FhLTExZTYtOGY4OC0zNDM2M2JjN2M0YzAiOnsiY3JlYXRlIjozNjAwMDAwMDAwMDAwLCJkZWxldGUiOjM2MDAwMDAwMDAwMDAsInJlYWQiOjMwMDAwMDAwMDAwMCwidXBkYXRlIjozNjAwMDAwMDAwMDAwfSwic2NoZW1hX3ZlcnNpb24iOiIxIn0=",
          "dependencies": [
            "azurerm_resource_group.rg_vdi",
            "azurerm_virtual_desktop_application_group.dag",
            "azurerm_virtual_desktop_host_pool.hpool",
            "azurerm_virtual_desktop_workspace.wspace_avd_sunflow"
          ]
        }
      ]
    },
    {
      "mode": "managed",
      "type": "azurerm_virtual_network",
      "name": "vnet",
      "provider": "provider[\"registry.terraform.io/hashicorp/azurerm\"]",
      "instances": [
        {
          "schema_version": 0,
          "attributes": {
            "address_space": [
              "10.2.0.0/16"
            ],
            "bgp_community": "",
            "ddos_protection_plan": [],
            "dns_servers": [
              "10.0.0.4"
            ],
            "flow_timeout_in_minutes": 0,
            "guid": "bb93fa51-138f-4106-9d60-39af56023aa5",
            "id": "/subscriptions/4ad9c3ec-422e-4942-8ff5-aa01e893c1f7/resourceGroups/rg_avd_sunflow/providers/Microsoft.Network/virtualNetworks/sunflow-VNet",
            "location": "eastus",
            "name": "sunflow-VNet",
            "resource_group_name": "rg_avd_sunflow",
            "subnet": [
              {
                "address_prefix": "10.2.0.0/24",
                "id": "/subscriptions/4ad9c3ec-422e-4942-8ff5-aa01e893c1f7/resourceGroups/rg_avd_sunflow/providers/Microsoft.Network/virtualNetworks/sunflow-VNet/subnets/default",
                "name": "default",
                "security_group": "/subscriptions/4ad9c3ec-422e-4942-8ff5-aa01e893c1f7/resourceGroups/rg_avd_sunflow/providers/Microsoft.Network/networkSecurityGroups/sunflow-NSG"
              }
            ],
            "tags": {},
            "timeouts": null,
            "vm_protection_enabled": false
          },
          "sensitive_attributes": [],
          "private": "eyJlMmJmYjczMC1lY2FhLTExZTYtOGY4OC0zNDM2M2JjN2M0YzAiOnsiY3JlYXRlIjoxODAwMDAwMDAwMDAwLCJkZWxldGUiOjE4MDAwMDAwMDAwMDAsInJlYWQiOjMwMDAwMDAwMDAwMCwidXBkYXRlIjoxODAwMDAwMDAwMDAwfX0=",
          "dependencies": [
            "azurerm_resource_group.rg_vdi"
          ]
        }
      ]
    },
    {
      "mode": "managed",
      "type": "azurerm_virtual_network_peering",
      "name": "peer1",
      "provider": "provider[\"registry.terraform.io/hashicorp/azurerm\"]",
      "instances": [
        {
          "schema_version": 0,
          "attributes": {
            "allow_forwarded_traffic": false,
            "allow_gateway_transit": false,
            "allow_virtual_network_access": true,
            "id": "/subscriptions/4ad9c3ec-422e-4942-8ff5-aa01e893c1f7/resourceGroups/rg_avd_sunflow/providers/Microsoft.Network/virtualNetworks/sunflow-VNet/virtualNetworkPeerings/peer_avdspoke_ad",
            "name": "peer_avdspoke_ad",
            "remote_virtual_network_id": "/subscriptions/4ad9c3ec-422e-4942-8ff5-aa01e893c1f7/resourceGroups/sharedrg/providers/Microsoft.Network/virtualNetworks/SharedVNet",
            "resource_group_name": "rg_avd_sunflow",
            "timeouts": null,
            "use_remote_gateways": false,
            "virtual_network_name": "sunflow-VNet"
          },
          "sensitive_attributes": [],
          "private": "eyJlMmJmYjczMC1lY2FhLTExZTYtOGY4OC0zNDM2M2JjN2M0YzAiOnsiY3JlYXRlIjoxODAwMDAwMDAwMDAwLCJkZWxldGUiOjE4MDAwMDAwMDAwMDAsInJlYWQiOjMwMDAwMDAwMDAwMCwidXBkYXRlIjoxODAwMDAwMDAwMDAwfX0=",
          "dependencies": [
            "azurerm_resource_group.rg_vdi",
            "azurerm_virtual_network.vnet",
            "data.azurerm_virtual_network.ad_vnet_data"
          ]
        }
      ]
    },
    {
      "mode": "managed",
      "type": "azurerm_virtual_network_peering",
      "name": "peer2",
      "provider": "provider[\"registry.terraform.io/hashicorp/azurerm\"]",
      "instances": [
        {
          "schema_version": 0,
          "attributes": {
            "allow_forwarded_traffic": false,
            "allow_gateway_transit": false,
            "allow_virtual_network_access": true,
            "id": "/subscriptions/4ad9c3ec-422e-4942-8ff5-aa01e893c1f7/resourceGroups/sharedrg/providers/Microsoft.Network/virtualNetworks/SharedVNet/virtualNetworkPeerings/peer_ad_avdspoke",
            "name": "peer_ad_avdspoke",
            "remote_virtual_network_id": "/subscriptions/4ad9c3ec-422e-4942-8ff5-aa01e893c1f7/resourceGroups/rg_avd_sunflow/providers/Microsoft.Network/virtualNetworks/sunflow-VNet",
            "resource_group_name": "sharedrg",
            "timeouts": null,
            "use_remote_gateways": false,
            "virtual_network_name": "SharedVNet"
          },
          "sensitive_attributes": [],
          "private": "eyJlMmJmYjczMC1lY2FhLTExZTYtOGY4OC0zNDM2M2JjN2M0YzAiOnsiY3JlYXRlIjoxODAwMDAwMDAwMDAwLCJkZWxldGUiOjE4MDAwMDAwMDAwMDAsInJlYWQiOjMwMDAwMDAwMDAwMCwidXBkYXRlIjoxODAwMDAwMDAwMDAwfX0=",
          "dependencies": [
            "azurerm_resource_group.rg_vdi",
            "azurerm_virtual_network.vnet"
          ]
        }
      ]
    },
    {
      "mode": "managed",
      "type": "random_string",
      "name": "random",
      "provider": "provider[\"registry.terraform.io/hashicorp/random\"]",
      "instances": [
        {
          "schema_version": 2,
          "attributes": {
            "id": "ig9z0fo7vo",
            "keepers": null,
            "length": 10,
            "lower": true,
            "min_lower": 0,
            "min_numeric": 0,
            "min_special": 0,
            "min_upper": 0,
            "number": true,
            "numeric": true,
            "override_special": null,
            "result": "ig9z0fo7vo",
            "special": false,
            "upper": false
          },
          "sensitive_attributes": []
        }
      ]
    }
  ],
  "check_results": null
}
